{
  "nodes": {
    "beapkgs": {
      "inputs": {
        "nixpkgs": [
          "nixpkgs"
        ]
      },
      "locked": {
        "lastModified": 1736895040,
        "narHash": "sha256-04UHIc5EG7E3f7i6Q7HKpWixaisvcP2z9D8sWBNv/3c=",
        "owner": "isabelroses",
        "repo": "beapkgs",
        "rev": "6d53369b1d5c0d752e5a413f1774797eb3fbe315",
        "type": "github"
      },
      "original": {
        "owner": "isabelroses",
        "repo": "beapkgs",
        "type": "github"
      }
    },
    "flake-parts": {
      "inputs": {
        "nixpkgs-lib": [
          "neovim-nightly-overlay",
          "nixpkgs"
        ]
      },
      "locked": {
        "lastModified": 1736143030,
        "narHash": "sha256-+hu54pAoLDEZT9pjHlqL9DNzWz0NbUn8NEAHP7PQPzU=",
        "owner": "hercules-ci",
        "repo": "flake-parts",
        "rev": "b905f6fc23a9051a6e1b741e1438dbfc0634c6de",
        "type": "github"
      },
      "original": {
        "owner": "hercules-ci",
        "repo": "flake-parts",
        "type": "github"
      }
    },
    "neovim-nightly-overlay": {
      "inputs": {
        "flake-compat": [],
        "flake-parts": "flake-parts",
        "git-hooks": [],
        "hercules-ci-effects": [],
        "neovim-src": "neovim-src",
        "nixpkgs": [
          "nixpkgs"
        ],
        "treefmt-nix": []
      },
      "locked": {
        "lastModified": 1736753650,
        "narHash": "sha256-qSbPnZ2utGL39UD6lKi+K/7sWyZVl/kGZfOoy+xJEjA=",
        "owner": "nix-community",
        "repo": "neovim-nightly-overlay",
        "rev": "9e2c41b7c12adc3ca17b1b50589f5234bcc0bbac",
        "type": "github"
      },
      "original": {
        "owner": "nix-community",
        "repo": "neovim-nightly-overlay",
        "type": "github"
      }
    },
    "neovim-src": {
      "flake": false,
      "locked": {
        "lastModified": 1736752727,
        "narHash": "sha256-sFD18EfXyQrN51ru6uzCt20C3DT4qBipJ1PbP9hnw80=",
        "owner": "neovim",
        "repo": "neovim",
        "rev": "2c16c849986794682a4776ff4ec100d00eeba5ca",
        "type": "github"
      },
      "original": {
        "owner": "neovim",
        "repo": "neovim",
        "type": "github"
      }
    },
    "nixpkgs": {
      "locked": {
        "lastModified": 1736798957,
        "narHash": "sha256-qwpCtZhSsSNQtK4xYGzMiyEDhkNzOCz/Vfu4oL2ETsQ=",
        "owner": "NixOS",
        "repo": "nixpkgs",
        "rev": "9abb87b552b7f55ac8916b6fc9e5cb486656a2f3",
        "type": "github"
      },
      "original": {
        "owner": "NixOS",
        "ref": "nixos-unstable",
        "repo": "nixpkgs",
        "type": "github"
      }
    },
    "root": {
      "inputs": {
        "beapkgs": "beapkgs",
        "neovim-nightly-overlay": "neovim-nightly-overlay",
        "nixpkgs": "nixpkgs",
        "systems": "systems"
      }
    },
    "systems": {
      "locked": {
        "lastModified": 1681028828,
        "narHash": "sha256-Vy1rq5AaRuLzOxct8nz4T6wlgyUR7zLU309k9mBC768=",
        "owner": "nix-systems",
        "repo": "default",
        "rev": "da67096a3b9bf56a91d16901293e51ba5b49a27e",
        "type": "github"
      },
      "original": {
        "owner": "nix-systems",
        "repo": "default",
        "type": "github"
      }
    }
  },
  "root": "root",
  "version": 7
}
