{
  "nodes": {
    "flake-parts": {
      "inputs": {
        "nixpkgs-lib": [
          "neovim-nightly-overlay",
          "nixpkgs"
        ]
      },
      "locked": {
        "lastModified": 1765835352,
        "narHash": "sha256-XswHlK/Qtjasvhd1nOa1e8MgZ8GS//jBoTqWtrS1Giw=",
        "owner": "hercules-ci",
        "repo": "flake-parts",
        "rev": "a34fae9c08a15ad73f295041fec82323541400a9",
        "type": "github"
      },
      "original": {
        "owner": "hercules-ci",
        "repo": "flake-parts",
        "type": "github"
      }
    },
    "gift-wrap": {
      "inputs": {
        "nixpkgs": [
          "nixpkgs"
        ]
      },
      "locked": {
        "lastModified": 1762616265,
        "narHash": "sha256-eYdzjKUNNT2lpay6A0Yu9TBdAqRfRYyEbrUEZTZXCtA=",
        "owner": "tgirlcloud",
        "repo": "gift-wrap",
        "rev": "b45ba1c6f620333eda41c5a0985f2e02a570bcea",
        "type": "github"
      },
      "original": {
        "owner": "tgirlcloud",
        "repo": "gift-wrap",
        "type": "github"
      }
    },
    "neovim-nightly-overlay": {
      "inputs": {
        "flake-parts": "flake-parts",
        "neovim-src": [
          "neovim-src"
        ],
        "nixpkgs": [
          "nixpkgs"
        ]
      },
      "locked": {
        "lastModified": 1765929915,
        "narHash": "sha256-KLRbc1VlWcCmKPuRdtQyJ/upfz/KDhk/v5hKX+ZTfoc=",
        "owner": "nix-community",
        "repo": "neovim-nightly-overlay",
        "rev": "e37af4acb335d7b071c16419ebec7d0bcbb456a7",
        "type": "github"
      },
      "original": {
        "owner": "nix-community",
        "repo": "neovim-nightly-overlay",
        "type": "github"
      }
    },
    "neovim-src": {
      "flake": false,
      "locked": {
        "lastModified": 1765940815,
        "narHash": "sha256-uVDiLNPKdOmGbQk2Ll3Q+/JrveCgnNfGNmUUmDaSv1U=",
        "owner": "neovim",
        "repo": "neovim",
        "rev": "8a94daf80eadbd9179768fe3d7da2f06c81dc740",
        "type": "github"
      },
      "original": {
        "owner": "neovim",
        "repo": "neovim",
        "type": "github"
      }
    },
    "nixpkgs": {
      "locked": {
        "lastModified": 1765903799,
        "narHash": "sha256-x+LJcn+6vu9D4ReWhdF6hJ5ajGqTqMKXowlWdi2ASvk=",
        "rev": "e8d16d2186d6ed9f047eb30948e97e7e01886d10",
        "type": "tarball",
        "url": "https://releases.nixos.org/nixpkgs/nixpkgs-26.05pre912831.e8d16d2186d6/nixexprs.tar.xz"
      },
      "original": {
        "type": "tarball",
        "url": "https://channels.nixos.org/nixpkgs-unstable/nixexprs.tar.xz"
      }
    },
    "root": {
      "inputs": {
        "gift-wrap": "gift-wrap",
        "neovim-nightly-overlay": "neovim-nightly-overlay",
        "neovim-src": "neovim-src",
        "nixpkgs": "nixpkgs"
      }
    }
  },
  "root": "root",
  "version": 7
}
